
Microsoft Visual Studio Solution File, Format Version 12.00
# Visual Studio Version 17
VisualStudioVersion = 17.5.33502.453
MinimumVisualStudioVersion = 10.0.40219.1
Project("{FAE04EC0-301F-11D3-BF4B-00C04F79EFBC}") = "LoanAPI", "LoanAPI\LoanAPI.csproj", "{4CB2C226-7FFD-4A71-9DCE-D84527F4FBAD}"
EndProject
Global
	GlobalSection(SolutionConfigurationPlatforms) = preSolution
		Debug|Any CPU = Debug|Any CPU
		Release|Any CPU = Release|Any CPU
	EndGlobalSection
	GlobalSection(ProjectConfigurationPlatforms) = postSolution
		{4CB2C226-7FFD-4A71-9DCE-D84527F4FBAD}.Debug|Any CPU.ActiveCfg = Debug|Any CPU
		{4CB2C226-7FFD-4A71-9DCE-D84527F4FBAD}.Debug|Any CPU.Build.0 = Debug|Any CPU
		{4CB2C226-7FFD-4A71-9DCE-D84527F4FBAD}.Release|Any CPU.ActiveCfg = Release|Any CPU
		{4CB2C226-7FFD-4A71-9DCE-D84527F4FBAD}.Release|Any CPU.Build.0 = Release|Any CPU
	EndGlobalSection
	GlobalSection(SolutionProperties) = preSolution
		HideSolutionNode = FALSE
	EndGlobalSection
	GlobalSection(ExtensibilityGlobals) = postSolution
		SolutionGuid = {0B3336FE-DBDB-4E41-8C1E-2342D1FC75D6}
	EndGlobalSection
EndGlobal
